
Microsoft Visual Studio Solution File, Format Version 12.00
# Visual Studio Version 16
VisualStudioVersion = 16.0.32228.343
MinimumVisualStudioVersion = 10.0.40219.1
Project("{FAE04EC0-301F-11D3-BF4B-00C04F79EFBC}") = "Dosya-İşlemleri", "Dosya-İşlemler,\Dosya-İşlemleri.csproj", "{6C2B9C7E-9A85-4B6B-B126-9E1238357004}"
EndProject
Global
	GlobalSection(SolutionConfigurationPlatforms) = preSolution
		Debug|Any CPU = Debug|Any CPU
		Release|Any CPU = Release|Any CPU
	EndGlobalSection
	GlobalSection(ProjectConfigurationPlatforms) = postSolution
		{6C2B9C7E-9A85-4B6B-B126-9E1238357004}.Debug|Any CPU.ActiveCfg = Debug|Any CPU
		{6C2B9C7E-9A85-4B6B-B126-9E1238357004}.Debug|Any CPU.Build.0 = Debug|Any CPU
		{6C2B9C7E-9A85-4B6B-B126-9E1238357004}.Release|Any CPU.ActiveCfg = Release|Any CPU
		{6C2B9C7E-9A85-4B6B-B126-9E1238357004}.Release|Any CPU.Build.0 = Release|Any CPU
	EndGlobalSection
	GlobalSection(SolutionProperties) = preSolution
		HideSolutionNode = FALSE
	EndGlobalSection
	GlobalSection(ExtensibilityGlobals) = postSolution
		SolutionGuid = {C133C4B8-FC3A-40DB-90DA-A2CECBB48DFA}
	EndGlobalSection
EndGlobal
